
Microsoft Visual Studio Solution File, Format Version 12.00
# Visual Studio 15
VisualStudioVersion = 15.0.28010.2048
MinimumVisualStudioVersion = 10.0.40219.1
Project("{9A19103F-16F7-4668-BE54-9A1E7A4F7556}") = "Module2", "Module2\Module2.csproj", "{7F3F6338-D127-4B5D-A08C-5BD94DCE3D83}"
EndProject
Project("{9A19103F-16F7-4668-BE54-9A1E7A4F7556}") = "Module3", "Module3\Module3.csproj", "{DA3E6548-AE29-4BAD-BC83-033521245AC5}"
EndProject
Project("{9A19103F-16F7-4668-BE54-9A1E7A4F7556}") = "Module4", "Module4\Module4.csproj", "{D52A8784-0F78-445F-8F2E-144330003606}"
EndProject
Project("{9A19103F-16F7-4668-BE54-9A1E7A4F7556}") = "Checkpoints", "Checkpoints\Checkpoints.csproj", "{6BA47174-C05D-4D18-BC21-58686060E575}"
EndProject
Project("{9A19103F-16F7-4668-BE54-9A1E7A4F7556}") = "Module7", "Module7\Module7.csproj", "{D7A27138-6666-4C47-9404-F1885C4EDFE0}"
EndProject
Project("{FAE04EC0-301F-11D3-BF4B-00C04F79EFBC}") = "Module8", "Module8\Module8.csproj", "{7C794C79-9FFA-4CF0-9B62-E017059C3C10}"
EndProject
Project("{FAE04EC0-301F-11D3-BF4B-00C04F79EFBC}") = "Module8.2", "Module8.2\Module8.2.csproj", "{EEA83F4B-F943-4F99-BCEE-99A7E6F8CB60}"
EndProject
Project("{FAE04EC0-301F-11D3-BF4B-00C04F79EFBC}") = "Module8.3", "Module8.3\Module8.3.csproj", "{A0C9160A-B1FD-48DE-92E4-AECA2B04FB1C}"
EndProject
Project("{FAE04EC0-301F-11D3-BF4B-00C04F79EFBC}") = "Module9", "Module9\Module9.csproj", "{0547E5BC-FE5E-4F9A-9824-16234795EB62}"
EndProject
Project("{FAE04EC0-301F-11D3-BF4B-00C04F79EFBC}") = "Module10", "Module10\Module10.csproj", "{513BAE81-CB0F-445B-BEC4-FB4E88D1EB2F}"
EndProject
Project("{FAE04EC0-301F-11D3-BF4B-00C04F79EFBC}") = "Module11", "Module11\Module11.csproj", "{1A62B226-E79F-4EC1-8820-9AE91DFE1DB0}"
EndProject
Global
	GlobalSection(SolutionConfigurationPlatforms) = preSolution
		Debug|Any CPU = Debug|Any CPU
		Release|Any CPU = Release|Any CPU
	EndGlobalSection
	GlobalSection(ProjectConfigurationPlatforms) = postSolution
		{7F3F6338-D127-4B5D-A08C-5BD94DCE3D83}.Debug|Any CPU.ActiveCfg = Debug|Any CPU
		{7F3F6338-D127-4B5D-A08C-5BD94DCE3D83}.Debug|Any CPU.Build.0 = Debug|Any CPU
		{7F3F6338-D127-4B5D-A08C-5BD94DCE3D83}.Release|Any CPU.ActiveCfg = Release|Any CPU
		{7F3F6338-D127-4B5D-A08C-5BD94DCE3D83}.Release|Any CPU.Build.0 = Release|Any CPU
		{DA3E6548-AE29-4BAD-BC83-033521245AC5}.Debug|Any CPU.ActiveCfg = Debug|Any CPU
		{DA3E6548-AE29-4BAD-BC83-033521245AC5}.Debug|Any CPU.Build.0 = Debug|Any CPU
		{DA3E6548-AE29-4BAD-BC83-033521245AC5}.Release|Any CPU.ActiveCfg = Release|Any CPU
		{DA3E6548-AE29-4BAD-BC83-033521245AC5}.Release|Any CPU.Build.0 = Release|Any CPU
		{D52A8784-0F78-445F-8F2E-144330003606}.Debug|Any CPU.ActiveCfg = Debug|Any CPU
		{D52A8784-0F78-445F-8F2E-144330003606}.Debug|Any CPU.Build.0 = Debug|Any CPU
		{D52A8784-0F78-445F-8F2E-144330003606}.Release|Any CPU.ActiveCfg = Release|Any CPU
		{D52A8784-0F78-445F-8F2E-144330003606}.Release|Any CPU.Build.0 = Release|Any CPU
		{6BA47174-C05D-4D18-BC21-58686060E575}.Debug|Any CPU.ActiveCfg = Debug|Any CPU
		{6BA47174-C05D-4D18-BC21-58686060E575}.Debug|Any CPU.Build.0 = Debug|Any CPU
		{6BA47174-C05D-4D18-BC21-58686060E575}.Release|Any CPU.ActiveCfg = Release|Any CPU
		{6BA47174-C05D-4D18-BC21-58686060E575}.Release|Any CPU.Build.0 = Release|Any CPU
		{D7A27138-6666-4C47-9404-F1885C4EDFE0}.Debug|Any CPU.ActiveCfg = Debug|Any CPU
		{D7A27138-6666-4C47-9404-F1885C4EDFE0}.Debug|Any CPU.Build.0 = Debug|Any CPU
		{D7A27138-6666-4C47-9404-F1885C4EDFE0}.Release|Any CPU.ActiveCfg = Release|Any CPU
		{D7A27138-6666-4C47-9404-F1885C4EDFE0}.Release|Any CPU.Build.0 = Release|Any CPU
		{7C794C79-9FFA-4CF0-9B62-E017059C3C10}.Debug|Any CPU.ActiveCfg = Debug|Any CPU
		{7C794C79-9FFA-4CF0-9B62-E017059C3C10}.Debug|Any CPU.Build.0 = Debug|Any CPU
		{7C794C79-9FFA-4CF0-9B62-E017059C3C10}.Release|Any CPU.ActiveCfg = Release|Any CPU
		{7C794C79-9FFA-4CF0-9B62-E017059C3C10}.Release|Any CPU.Build.0 = Release|Any CPU
		{EEA83F4B-F943-4F99-BCEE-99A7E6F8CB60}.Debug|Any CPU.ActiveCfg = Debug|Any CPU
		{EEA83F4B-F943-4F99-BCEE-99A7E6F8CB60}.Debug|Any CPU.Build.0 = Debug|Any CPU
		{EEA83F4B-F943-4F99-BCEE-99A7E6F8CB60}.Release|Any CPU.ActiveCfg = Release|Any CPU
		{EEA83F4B-F943-4F99-BCEE-99A7E6F8CB60}.Release|Any CPU.Build.0 = Release|Any CPU
		{A0C9160A-B1FD-48DE-92E4-AECA2B04FB1C}.Debug|Any CPU.ActiveCfg = Debug|Any CPU
		{A0C9160A-B1FD-48DE-92E4-AECA2B04FB1C}.Debug|Any CPU.Build.0 = Debug|Any CPU
		{A0C9160A-B1FD-48DE-92E4-AECA2B04FB1C}.Release|Any CPU.ActiveCfg = Release|Any CPU
		{A0C9160A-B1FD-48DE-92E4-AECA2B04FB1C}.Release|Any CPU.Build.0 = Release|Any CPU
		{0547E5BC-FE5E-4F9A-9824-16234795EB62}.Debug|Any CPU.ActiveCfg = Debug|Any CPU
		{0547E5BC-FE5E-4F9A-9824-16234795EB62}.Debug|Any CPU.Build.0 = Debug|Any CPU
		{0547E5BC-FE5E-4F9A-9824-16234795EB62}.Release|Any CPU.ActiveCfg = Release|Any CPU
		{0547E5BC-FE5E-4F9A-9824-16234795EB62}.Release|Any CPU.Build.0 = Release|Any CPU
		{513BAE81-CB0F-445B-BEC4-FB4E88D1EB2F}.Debug|Any CPU.ActiveCfg = Debug|Any CPU
		{513BAE81-CB0F-445B-BEC4-FB4E88D1EB2F}.Debug|Any CPU.Build.0 = Debug|Any CPU
		{513BAE81-CB0F-445B-BEC4-FB4E88D1EB2F}.Release|Any CPU.ActiveCfg = Release|Any CPU
		{513BAE81-CB0F-445B-BEC4-FB4E88D1EB2F}.Release|Any CPU.Build.0 = Release|Any CPU
		{1A62B226-E79F-4EC1-8820-9AE91DFE1DB0}.Debug|Any CPU.ActiveCfg = Debug|Any CPU
		{1A62B226-E79F-4EC1-8820-9AE91DFE1DB0}.Debug|Any CPU.Build.0 = Debug|Any CPU
		{1A62B226-E79F-4EC1-8820-9AE91DFE1DB0}.Release|Any CPU.ActiveCfg = Release|Any CPU
		{1A62B226-E79F-4EC1-8820-9AE91DFE1DB0}.Release|Any CPU.Build.0 = Release|Any CPU
	EndGlobalSection
	GlobalSection(SolutionProperties) = preSolution
		HideSolutionNode = FALSE
	EndGlobalSection
	GlobalSection(ExtensibilityGlobals) = postSolution
		SolutionGuid = {A912C53C-6F24-407D-8717-DA3DD4066AE9}
	EndGlobalSection
EndGlobal
